
Microsoft Visual Studio Solution File, Format Version 12.00
# Visual Studio Version 17
VisualStudioVersion = 17.11.35222.181
MinimumVisualStudioVersion = 10.0.40219.1
Project("{8BC9CEB8-8B4A-11D0-8D11-00A0C91BC942}") = "FunctionsTemplatesAndClasses", "FunctionsTemplatesAndClasses\FunctionsTemplatesAndClasses.vcxproj", "{872B3576-B07A-414D-824F-83AC643FEEB4}"
EndProject
Global
	GlobalSection(SolutionConfigurationPlatforms) = preSolution
		Debug|x64 = Debug|x64
		Debug|x86 = Debug|x86
		Release|x64 = Release|x64
		Release|x86 = Release|x86
	EndGlobalSection
	GlobalSection(ProjectConfigurationPlatforms) = postSolution
		{872B3576-B07A-414D-824F-83AC643FEEB4}.Debug|x64.ActiveCfg = Debug|x64
		{872B3576-B07A-414D-824F-83AC643FEEB4}.Debug|x64.Build.0 = Debug|x64
		{872B3576-B07A-414D-824F-83AC643FEEB4}.Debug|x86.ActiveCfg = Debug|Win32
		{872B3576-B07A-414D-824F-83AC643FEEB4}.Debug|x86.Build.0 = Debug|Win32
		{872B3576-B07A-414D-824F-83AC643FEEB4}.Release|x64.ActiveCfg = Release|x64
		{872B3576-B07A-414D-824F-83AC643FEEB4}.Release|x64.Build.0 = Release|x64
		{872B3576-B07A-414D-824F-83AC643FEEB4}.Release|x86.ActiveCfg = Release|Win32
		{872B3576-B07A-414D-824F-83AC643FEEB4}.Release|x86.Build.0 = Release|Win32
	EndGlobalSection
	GlobalSection(SolutionProperties) = preSolution
		HideSolutionNode = FALSE
	EndGlobalSection
	GlobalSection(ExtensibilityGlobals) = postSolution
		SolutionGuid = {A831283F-C5A6-48E2-93F1-6D58B2897F8A}
	EndGlobalSection
EndGlobal
