
Microsoft Visual Studio Solution File, Format Version 12.00
# Visual Studio Version 17
VisualStudioVersion = 17.11.35222.181
MinimumVisualStudioVersion = 10.0.40219.1
Project("{8BC9CEB8-8B4A-11D0-8D11-00A0C91BC942}") = "ClassNotes(Tuesday, October 15)", "ClassNotes(Tuesday, October 15)\ClassNotes(Tuesday, October 15).vcxproj", "{087BB9B7-5466-4C43-AAA6-3CF87D882333}"
EndProject
Global
	GlobalSection(SolutionConfigurationPlatforms) = preSolution
		Debug|x64 = Debug|x64
		Debug|x86 = Debug|x86
		Release|x64 = Release|x64
		Release|x86 = Release|x86
	EndGlobalSection
	GlobalSection(ProjectConfigurationPlatforms) = postSolution
		{087BB9B7-5466-4C43-AAA6-3CF87D882333}.Debug|x64.ActiveCfg = Debug|x64
		{087BB9B7-5466-4C43-AAA6-3CF87D882333}.Debug|x64.Build.0 = Debug|x64
		{087BB9B7-5466-4C43-AAA6-3CF87D882333}.Debug|x86.ActiveCfg = Debug|Win32
		{087BB9B7-5466-4C43-AAA6-3CF87D882333}.Debug|x86.Build.0 = Debug|Win32
		{087BB9B7-5466-4C43-AAA6-3CF87D882333}.Release|x64.ActiveCfg = Release|x64
		{087BB9B7-5466-4C43-AAA6-3CF87D882333}.Release|x64.Build.0 = Release|x64
		{087BB9B7-5466-4C43-AAA6-3CF87D882333}.Release|x86.ActiveCfg = Release|Win32
		{087BB9B7-5466-4C43-AAA6-3CF87D882333}.Release|x86.Build.0 = Release|Win32
	EndGlobalSection
	GlobalSection(SolutionProperties) = preSolution
		HideSolutionNode = FALSE
	EndGlobalSection
	GlobalSection(ExtensibilityGlobals) = postSolution
		SolutionGuid = {99014A26-F203-4886-B23E-EA727BCEAA4F}
	EndGlobalSection
EndGlobal
